
Microsoft Visual Studio Solution File, Format Version 12.00
# Visual Studio Version 17
VisualStudioVersion = 17.10.35122.118
MinimumVisualStudioVersion = 10.0.40219.1
Project("{FAE04EC0-301F-11D3-BF4B-00C04F79EFBC}") = "ArraySOrtNames", "ArraySOrtNames.csproj", "{2C3C226C-C7EE-40FB-AFD9-43294EB3D6CE}"
EndProject
Global
	GlobalSection(SolutionConfigurationPlatforms) = preSolution
		Debug|Any CPU = Debug|Any CPU
		Release|Any CPU = Release|Any CPU
	EndGlobalSection
	GlobalSection(ProjectConfigurationPlatforms) = postSolution
		{2C3C226C-C7EE-40FB-AFD9-43294EB3D6CE}.Debug|Any CPU.ActiveCfg = Debug|Any CPU
		{2C3C226C-C7EE-40FB-AFD9-43294EB3D6CE}.Debug|Any CPU.Build.0 = Debug|Any CPU
		{2C3C226C-C7EE-40FB-AFD9-43294EB3D6CE}.Release|Any CPU.ActiveCfg = Release|Any CPU
		{2C3C226C-C7EE-40FB-AFD9-43294EB3D6CE}.Release|Any CPU.Build.0 = Release|Any CPU
	EndGlobalSection
	GlobalSection(SolutionProperties) = preSolution
		HideSolutionNode = FALSE
	EndGlobalSection
	GlobalSection(ExtensibilityGlobals) = postSolution
		SolutionGuid = {779D4BD6-64F8-4FF3-9043-6440F1C21B73}
	EndGlobalSection
EndGlobal
