
Microsoft Visual Studio Solution File, Format Version 12.00
# Visual Studio Version 17
VisualStudioVersion = 17.10.35122.118
MinimumVisualStudioVersion = 10.0.40219.1
Project("{FAE04EC0-301F-11D3-BF4B-00C04F79EFBC}") = "ListMinSumMaxAvg", "ListMinSumMaxAvg.csproj", "{277DC516-5C18-4C91-ADAF-A0A1A84859ED}"
EndProject
Global
	GlobalSection(SolutionConfigurationPlatforms) = preSolution
		Debug|Any CPU = Debug|Any CPU
		Release|Any CPU = Release|Any CPU
	EndGlobalSection
	GlobalSection(ProjectConfigurationPlatforms) = postSolution
		{277DC516-5C18-4C91-ADAF-A0A1A84859ED}.Debug|Any CPU.ActiveCfg = Debug|Any CPU
		{277DC516-5C18-4C91-ADAF-A0A1A84859ED}.Debug|Any CPU.Build.0 = Debug|Any CPU
		{277DC516-5C18-4C91-ADAF-A0A1A84859ED}.Release|Any CPU.ActiveCfg = Release|Any CPU
		{277DC516-5C18-4C91-ADAF-A0A1A84859ED}.Release|Any CPU.Build.0 = Release|Any CPU
	EndGlobalSection
	GlobalSection(SolutionProperties) = preSolution
		HideSolutionNode = FALSE
	EndGlobalSection
	GlobalSection(ExtensibilityGlobals) = postSolution
		SolutionGuid = {60F4989F-6BF3-4888-94F4-4D1F4FCF8BB6}
	EndGlobalSection
EndGlobal
