
Microsoft Visual Studio Solution File, Format Version 12.00
# Visual Studio Version 17
VisualStudioVersion = 17.10.35122.118
MinimumVisualStudioVersion = 10.0.40219.1
Project("{FAE04EC0-301F-11D3-BF4B-00C04F79EFBC}") = "RegularExpression", "RegularExpression.csproj", "{35408536-F747-4B4B-A52C-48654B1EEC88}"
EndProject
Global
	GlobalSection(SolutionConfigurationPlatforms) = preSolution
		Debug|Any CPU = Debug|Any CPU
		Release|Any CPU = Release|Any CPU
	EndGlobalSection
	GlobalSection(ProjectConfigurationPlatforms) = postSolution
		{35408536-F747-4B4B-A52C-48654B1EEC88}.Debug|Any CPU.ActiveCfg = Debug|Any CPU
		{35408536-F747-4B4B-A52C-48654B1EEC88}.Debug|Any CPU.Build.0 = Debug|Any CPU
		{35408536-F747-4B4B-A52C-48654B1EEC88}.Release|Any CPU.ActiveCfg = Release|Any CPU
		{35408536-F747-4B4B-A52C-48654B1EEC88}.Release|Any CPU.Build.0 = Release|Any CPU
	EndGlobalSection
	GlobalSection(SolutionProperties) = preSolution
		HideSolutionNode = FALSE
	EndGlobalSection
	GlobalSection(ExtensibilityGlobals) = postSolution
		SolutionGuid = {7E037F13-40B0-4E68-8EBF-E5B205C8B8B9}
	EndGlobalSection
EndGlobal
