
Microsoft Visual Studio Solution File, Format Version 12.00
# Visual Studio Version 17
VisualStudioVersion = 17.10.35122.118
MinimumVisualStudioVersion = 10.0.40219.1
Project("{FAE04EC0-301F-11D3-BF4B-00C04F79EFBC}") = "Töö2", "Töö2\Töö2.csproj", "{F3FECB64-058C-4875-9C0E-A5F6AF24E8E7}"
EndProject
Global
	GlobalSection(SolutionConfigurationPlatforms) = preSolution
		Debug|Any CPU = Debug|Any CPU
		Release|Any CPU = Release|Any CPU
	EndGlobalSection
	GlobalSection(ProjectConfigurationPlatforms) = postSolution
		{F3FECB64-058C-4875-9C0E-A5F6AF24E8E7}.Debug|Any CPU.ActiveCfg = Debug|Any CPU
		{F3FECB64-058C-4875-9C0E-A5F6AF24E8E7}.Debug|Any CPU.Build.0 = Debug|Any CPU
		{F3FECB64-058C-4875-9C0E-A5F6AF24E8E7}.Release|Any CPU.ActiveCfg = Release|Any CPU
		{F3FECB64-058C-4875-9C0E-A5F6AF24E8E7}.Release|Any CPU.Build.0 = Release|Any CPU
	EndGlobalSection
	GlobalSection(SolutionProperties) = preSolution
		HideSolutionNode = FALSE
	EndGlobalSection
	GlobalSection(ExtensibilityGlobals) = postSolution
		SolutionGuid = {B91E2717-675D-4B30-BA53-74E742780811}
	EndGlobalSection
EndGlobal
