
Microsoft Visual Studio Solution File, Format Version 12.00
# Visual Studio Version 17
VisualStudioVersion = 17.10.35122.118
MinimumVisualStudioVersion = 10.0.40219.1
Project("{FAE04EC0-301F-11D3-BF4B-00C04F79EFBC}") = "forEachSorting", "forEachSorting\forEachSorting.csproj", "{74CF278D-8C23-487A-99CE-DFB65DAFCD67}"
EndProject
Global
	GlobalSection(SolutionConfigurationPlatforms) = preSolution
		Debug|Any CPU = Debug|Any CPU
		Release|Any CPU = Release|Any CPU
	EndGlobalSection
	GlobalSection(ProjectConfigurationPlatforms) = postSolution
		{74CF278D-8C23-487A-99CE-DFB65DAFCD67}.Debug|Any CPU.ActiveCfg = Debug|Any CPU
		{74CF278D-8C23-487A-99CE-DFB65DAFCD67}.Debug|Any CPU.Build.0 = Debug|Any CPU
		{74CF278D-8C23-487A-99CE-DFB65DAFCD67}.Release|Any CPU.ActiveCfg = Release|Any CPU
		{74CF278D-8C23-487A-99CE-DFB65DAFCD67}.Release|Any CPU.Build.0 = Release|Any CPU
	EndGlobalSection
	GlobalSection(SolutionProperties) = preSolution
		HideSolutionNode = FALSE
	EndGlobalSection
	GlobalSection(ExtensibilityGlobals) = postSolution
		SolutionGuid = {AEBD5836-C076-456C-B982-662A266548E7}
	EndGlobalSection
EndGlobal
